
Microsoft Visual Studio Solution File, Format Version 12.00
# Visual Studio Version 17
VisualStudioVersion = 17.14.36414.22 d17.14
MinimumVisualStudioVersion = 10.0.40219.1
Project("{888888A0-9F3D-457C-B088-3A5042F75D52}") = "trabalhofinal", "trabalhofinal\trabalhofinal.pyproj", "{417A19D0-059D-4C7F-AB9D-F3BA6B51C5D9}"
EndProject
Global
	GlobalSection(SolutionConfigurationPlatforms) = preSolution
		Debug|Any CPU = Debug|Any CPU
		Release|Any CPU = Release|Any CPU
	EndGlobalSection
	GlobalSection(ProjectConfigurationPlatforms) = postSolution
		{417A19D0-059D-4C7F-AB9D-F3BA6B51C5D9}.Debug|Any CPU.ActiveCfg = Debug|Any CPU
		{417A19D0-059D-4C7F-AB9D-F3BA6B51C5D9}.Release|Any CPU.ActiveCfg = Release|Any CPU
	EndGlobalSection
	GlobalSection(SolutionProperties) = preSolution
		HideSolutionNode = FALSE
	EndGlobalSection
	GlobalSection(ExtensibilityGlobals) = postSolution
		SolutionGuid = {893F85F6-1D16-4A23-8EC5-2954BD794255}
	EndGlobalSection
EndGlobal
