
Microsoft Visual Studio Solution File, Format Version 12.00
# Visual Studio Version 17
VisualStudioVersion = 17.14.36414.22 d17.14
MinimumVisualStudioVersion = 10.0.40219.1
Project("{888888A0-9F3D-457C-B088-3A5042F75D52}") = "trabalhofinal", "trabalhofinal\trabalhofinal.pyproj", "{3925A43D-60D6-4C1B-BB6D-3BD34600B4FF}"
EndProject
Global
	GlobalSection(SolutionConfigurationPlatforms) = preSolution
		Debug|Any CPU = Debug|Any CPU
		Release|Any CPU = Release|Any CPU
	EndGlobalSection
	GlobalSection(ProjectConfigurationPlatforms) = postSolution
		{3925A43D-60D6-4C1B-BB6D-3BD34600B4FF}.Debug|Any CPU.ActiveCfg = Debug|Any CPU
		{3925A43D-60D6-4C1B-BB6D-3BD34600B4FF}.Release|Any CPU.ActiveCfg = Release|Any CPU
	EndGlobalSection
	GlobalSection(SolutionProperties) = preSolution
		HideSolutionNode = FALSE
	EndGlobalSection
	GlobalSection(ExtensibilityGlobals) = postSolution
		SolutionGuid = {467E6E0F-5869-4A8F-A47A-3BCF8EA5CD57}
	EndGlobalSection
EndGlobal
